{
  "version": 4,
  "terraform_version": "1.8.2",
  "serial": 1,
  "lineage": "c93a8f84-6173-4f36-6c8e-d9cb17fbff54",
  "outputs": {},
  "resources": [
    {
      "mode": "managed",
      "type": "docker_image",
      "name": "my_img",
      "provider": "provider[\"registry.terraform.io/kreuzwerker/docker\"]",
      "instances": [
        {
          "schema_version": 0,
          "attributes": {
            "build": [],
            "force_remove": null,
            "id": "sha256:1d668e06f1e534ab338404ba891c37d618dd53c9073dcdd4ebde82aa7643f83fnginx:latest",
            "image_id": "sha256:1d668e06f1e534ab338404ba891c37d618dd53c9073dcdd4ebde82aa7643f83f",
            "keep_locally": null,
            "name": "nginx:latest",
            "platform": null,
            "pull_triggers": null,
            "repo_digest": "nginx@sha256:32e76d4f34f80e479964a0fbd4c5b4f6967b5322c8d004e9cf0cb81c93510766",
            "triggers": null
          },
          "sensitive_attributes": [],
          "private": "bnVsbA=="
        }
      ]
    }
  ],
  "check_results": null
}
